
Microsoft Visual Studio Solution File, Format Version 12.00
# Visual Studio 14
VisualStudioVersion = 14.0.24720.0
MinimumVisualStudioVersion = 10.0.40219.1
Project("{FAE04EC0-301F-11D3-BF4B-00C04F79EFBC}") = "PPF.API", "PPF.API\PPF.API.csproj", "{3D122FED-7F70-495D-901D-B512B1F47EE6}"
EndProject
Project("{FAE04EC0-301F-11D3-BF4B-00C04F79EFBC}") = "PPF.API.Tests", "PPF.API.Tests\PPF.API.Tests.csproj", "{096C3B28-4466-40DE-A5E6-6D8C47660C93}"
EndProject
Project("{FAE04EC0-301F-11D3-BF4B-00C04F79EFBC}") = "PPF.API.Services", "PPF.API.Services\PPF.API.Services.csproj", "{6A32EFB2-4D38-4E45-AC5C-D5CF50284C3D}"
EndProject
Project("{FAE04EC0-301F-11D3-BF4B-00C04F79EFBC}") = "PPF.API.Repositories", "PPF.API.Repositories\PPF.API.Repositories.csproj", "{81BBE8D9-6BF3-4AB4-829B-60E0051B391C}"
EndProject
Project("{FAE04EC0-301F-11D3-BF4B-00C04F79EFBC}") = "PPF.Models", "PPF.Models\PPF.Models.csproj", "{912BCB5F-85BD-435B-81BF-E00D821584C3}"
EndProject
Global
	GlobalSection(SolutionConfigurationPlatforms) = preSolution
		Debug|Any CPU = Debug|Any CPU
		Release|Any CPU = Release|Any CPU
	EndGlobalSection
	GlobalSection(ProjectConfigurationPlatforms) = postSolution
		{3D122FED-7F70-495D-901D-B512B1F47EE6}.Debug|Any CPU.ActiveCfg = Debug|Any CPU
		{3D122FED-7F70-495D-901D-B512B1F47EE6}.Debug|Any CPU.Build.0 = Debug|Any CPU
		{3D122FED-7F70-495D-901D-B512B1F47EE6}.Release|Any CPU.ActiveCfg = Release|Any CPU
		{3D122FED-7F70-495D-901D-B512B1F47EE6}.Release|Any CPU.Build.0 = Release|Any CPU
		{096C3B28-4466-40DE-A5E6-6D8C47660C93}.Debug|Any CPU.ActiveCfg = Debug|Any CPU
		{096C3B28-4466-40DE-A5E6-6D8C47660C93}.Debug|Any CPU.Build.0 = Debug|Any CPU
		{096C3B28-4466-40DE-A5E6-6D8C47660C93}.Release|Any CPU.ActiveCfg = Release|Any CPU
		{096C3B28-4466-40DE-A5E6-6D8C47660C93}.Release|Any CPU.Build.0 = Release|Any CPU
		{6A32EFB2-4D38-4E45-AC5C-D5CF50284C3D}.Debug|Any CPU.ActiveCfg = Debug|Any CPU
		{6A32EFB2-4D38-4E45-AC5C-D5CF50284C3D}.Debug|Any CPU.Build.0 = Debug|Any CPU
		{6A32EFB2-4D38-4E45-AC5C-D5CF50284C3D}.Release|Any CPU.ActiveCfg = Release|Any CPU
		{6A32EFB2-4D38-4E45-AC5C-D5CF50284C3D}.Release|Any CPU.Build.0 = Release|Any CPU
		{81BBE8D9-6BF3-4AB4-829B-60E0051B391C}.Debug|Any CPU.ActiveCfg = Debug|Any CPU
		{81BBE8D9-6BF3-4AB4-829B-60E0051B391C}.Debug|Any CPU.Build.0 = Debug|Any CPU
		{81BBE8D9-6BF3-4AB4-829B-60E0051B391C}.Release|Any CPU.ActiveCfg = Release|Any CPU
		{81BBE8D9-6BF3-4AB4-829B-60E0051B391C}.Release|Any CPU.Build.0 = Release|Any CPU
		{912BCB5F-85BD-435B-81BF-E00D821584C3}.Debug|Any CPU.ActiveCfg = Debug|Any CPU
		{912BCB5F-85BD-435B-81BF-E00D821584C3}.Debug|Any CPU.Build.0 = Debug|Any CPU
		{912BCB5F-85BD-435B-81BF-E00D821584C3}.Release|Any CPU.ActiveCfg = Release|Any CPU
		{912BCB5F-85BD-435B-81BF-E00D821584C3}.Release|Any CPU.Build.0 = Release|Any CPU
	EndGlobalSection
	GlobalSection(SolutionProperties) = preSolution
		HideSolutionNode = FALSE
	EndGlobalSection
EndGlobal
